
Microsoft Visual Studio Solution File, Format Version 12.00
# Visual Studio Version 17
VisualStudioVersion = 17.14.36310.24
MinimumVisualStudioVersion = 10.0.40219.1
Project("{FAE04EC0-301F-11D3-BF4B-00C04F79EFBC}") = "SavioWeb", "SavioWeb\SavioWeb.csproj", "{C55CA1E8-4BD1-4D0D-8E0D-59C0F84A3F0F}"
EndProject
Global
	GlobalSection(SolutionConfigurationPlatforms) = preSolution
		Debug|Any CPU = Debug|Any CPU
		Release|Any CPU = Release|Any CPU
	EndGlobalSection
	GlobalSection(ProjectConfigurationPlatforms) = postSolution
		{C55CA1E8-4BD1-4D0D-8E0D-59C0F84A3F0F}.Debug|Any CPU.ActiveCfg = Debug|Any CPU
		{C55CA1E8-4BD1-4D0D-8E0D-59C0F84A3F0F}.Debug|Any CPU.Build.0 = Debug|Any CPU
		{C55CA1E8-4BD1-4D0D-8E0D-59C0F84A3F0F}.Release|Any CPU.ActiveCfg = Release|Any CPU
		{C55CA1E8-4BD1-4D0D-8E0D-59C0F84A3F0F}.Release|Any CPU.Build.0 = Release|Any CPU
	EndGlobalSection
	GlobalSection(SolutionProperties) = preSolution
		HideSolutionNode = FALSE
	EndGlobalSection
	GlobalSection(ExtensibilityGlobals) = postSolution
		SolutionGuid = {F5B676E2-A2F3-4D37-98C9-5CF5A94916CB}
	EndGlobalSection
EndGlobal
